
Microsoft Visual Studio Solution File, Format Version 12.00
# Visual Studio 15
VisualStudioVersion = 15.0.27130.2026
MinimumVisualStudioVersion = 10.0.40219.1
Project("{FAE04EC0-301F-11D3-BF4B-00C04F79EFBC}") = "FeistelСipher", "FeistelСipher\FeistelСipher.csproj", "{D1DAC841-38AA-482F-88A1-65FF5539B1FF}"
EndProject
Global
	GlobalSection(SolutionConfigurationPlatforms) = preSolution
		Debug|Any CPU = Debug|Any CPU
		Release|Any CPU = Release|Any CPU
	EndGlobalSection
	GlobalSection(ProjectConfigurationPlatforms) = postSolution
		{D1DAC841-38AA-482F-88A1-65FF5539B1FF}.Debug|Any CPU.ActiveCfg = Debug|Any CPU
		{D1DAC841-38AA-482F-88A1-65FF5539B1FF}.Debug|Any CPU.Build.0 = Debug|Any CPU
		{D1DAC841-38AA-482F-88A1-65FF5539B1FF}.Release|Any CPU.ActiveCfg = Release|Any CPU
		{D1DAC841-38AA-482F-88A1-65FF5539B1FF}.Release|Any CPU.Build.0 = Release|Any CPU
	EndGlobalSection
	GlobalSection(SolutionProperties) = preSolution
		HideSolutionNode = FALSE
	EndGlobalSection
	GlobalSection(ExtensibilityGlobals) = postSolution
		SolutionGuid = {009A2759-B0E7-4918-B883-D55E03A2CBB6}
	EndGlobalSection
EndGlobal
